
Microsoft Visual Studio Solution File, Format Version 12.00
# Visual Studio Version 17
VisualStudioVersion = 17.14.36705.20 d17.14
MinimumVisualStudioVersion = 10.0.40219.1
Project("{8BC9CEB8-8B4A-11D0-8D11-00A0C91BC942}") = "实验3实验4", "实验3实验4\实验3实验4.vcxproj", "{D29F1968-1B9E-4ABF-9438-1A3B50605BC9}"
EndProject
Global
	GlobalSection(SolutionConfigurationPlatforms) = preSolution
		Debug|x64 = Debug|x64
		Debug|x86 = Debug|x86
		Release|x64 = Release|x64
		Release|x86 = Release|x86
	EndGlobalSection
	GlobalSection(ProjectConfigurationPlatforms) = postSolution
		{D29F1968-1B9E-4ABF-9438-1A3B50605BC9}.Debug|x64.ActiveCfg = Debug|x64
		{D29F1968-1B9E-4ABF-9438-1A3B50605BC9}.Debug|x64.Build.0 = Debug|x64
		{D29F1968-1B9E-4ABF-9438-1A3B50605BC9}.Debug|x86.ActiveCfg = Debug|Win32
		{D29F1968-1B9E-4ABF-9438-1A3B50605BC9}.Debug|x86.Build.0 = Debug|Win32
		{D29F1968-1B9E-4ABF-9438-1A3B50605BC9}.Release|x64.ActiveCfg = Release|x64
		{D29F1968-1B9E-4ABF-9438-1A3B50605BC9}.Release|x64.Build.0 = Release|x64
		{D29F1968-1B9E-4ABF-9438-1A3B50605BC9}.Release|x86.ActiveCfg = Release|Win32
		{D29F1968-1B9E-4ABF-9438-1A3B50605BC9}.Release|x86.Build.0 = Release|Win32
	EndGlobalSection
	GlobalSection(SolutionProperties) = preSolution
		HideSolutionNode = FALSE
	EndGlobalSection
	GlobalSection(ExtensibilityGlobals) = postSolution
		SolutionGuid = {8F50FD8C-BBF5-48B6-BDD9-D507C11AB7B4}
	EndGlobalSection
EndGlobal
